// !$*UTF8*$!
{
	archiveVersion = 1;
	classes = {
	};
	objectVersion = 55;
	objects = {

/* Begin PBXBuildFile section */
		55FF606C2861029300ED7BD8 /* AppDelegate.swift in Sources */ = {isa = PBXBuildFile; fileRef = 55FF606B2861029300ED7BD8 /* AppDelegate.swift */; };
		55FF606E2861029300ED7BD8 /* SceneDelegate.swift in Sources */ = {isa = PBXBuildFile; fileRef = 55FF606D2861029300ED7BD8 /* SceneDelegate.swift */; };
		55FF60702861029300ED7BD8 /* ViewController.swift in Sources */ = {isa = PBXBuildFile; fileRef = 55FF606F2861029300ED7BD8 /* ViewController.swift */; };
		55FF60732861029300ED7BD8 /* Main.storyboard in Resources */ = {isa = PBXBuildFile; fileRef = 55FF60712861029300ED7BD8 /* Main.storyboard */; };
		55FF60752861029700ED7BD8 /* Assets.xcassets in Resources */ = {isa = PBXBuildFile; fileRef = 55FF60742861029700ED7BD8 /* Assets.xcassets */; };
		55FF60782861029700ED7BD8 /* LaunchScreen.storyboard in Resources */ = {isa = PBXBuildFile; fileRef = 55FF60762861029700ED7BD8 /* LaunchScreen.storyboard */; };
		55FF60802861087900ED7BD8 /* ModulesFactory.swift in Sources */ = {isa = PBXBuildFile; fileRef = 55FF607F2861087900ED7BD8 /* ModulesFactory.swift */; };
		55FF608228610BAD00ED7BD8 /* FieldValidator.swift in Sources */ = {isa = PBXBuildFile; fileRef = 55FF608128610BAD00ED7BD8 /* FieldValidator.swift */; };
		55FF608A2862500C00ED7BD8 /* TestsIosTests.swift in Sources */ = {isa = PBXBuildFile; fileRef = 55FF60892862500C00ED7BD8 /* TestsIosTests.swift */; };
/* End PBXBuildFile section */

/* Begin PBXContainerItemProxy section */
		55FF608B2862500C00ED7BD8 /* PBXContainerItemProxy */ = {
			isa = PBXContainerItemProxy;
			containerPortal = 55FF60602861029300ED7BD8 /* Project object */;
			proxyType = 1;
			remoteGlobalIDString = 55FF60672861029300ED7BD8;
			remoteInfo = TestsIos;
		};
/* End PBXContainerItemProxy section */

/* Begin PBXFileReference section */
		55FF60682861029300ED7BD8 /* TestsIos.app */ = {isa = PBXFileReference; explicitFileType = wrapper.application; includeInIndex = 0; path = TestsIos.app; sourceTree = BUILT_PRODUCTS_DIR; };
		55FF606B2861029300ED7BD8 /* AppDelegate.swift */ = {isa = PBXFileReference; lastKnownFileType = sourcecode.swift; path = AppDelegate.swift; sourceTree = "<group>"; };
		55FF606D2861029300ED7BD8 /* SceneDelegate.swift */ = {isa = PBXFileReference; lastKnownFileType = sourcecode.swift; path = SceneDelegate.swift; sourceTree = "<group>"; };
		55FF606F2861029300ED7BD8 /* ViewController.swift */ = {isa = PBXFileReference; lastKnownFileType = sourcecode.swift; path = ViewController.swift; sourceTree = "<group>"; };
		55FF60722861029300ED7BD8 /* Base */ = {isa = PBXFileReference; lastKnownFileType = file.storyboard; name = Base; path = Base.lproj/Main.storyboard; sourceTree = "<group>"; };
		55FF60742861029700ED7BD8 /* Assets.xcassets */ = {isa = PBXFileReference; lastKnownFileType = folder.assetcatalog; path = Assets.xcassets; sourceTree = "<group>"; };
		55FF60772861029700ED7BD8 /* Base */ = {isa = PBXFileReference; lastKnownFileType = file.storyboard; name = Base; path = Base.lproj/LaunchScreen.storyboard; sourceTree = "<group>"; };
		55FF60792861029700ED7BD8 /* Info.plist */ = {isa = PBXFileReference; lastKnownFileType = text.plist.xml; path = Info.plist; sourceTree = "<group>"; };
		55FF607F2861087900ED7BD8 /* ModulesFactory.swift */ = {isa = PBXFileReference; lastKnownFileType = sourcecode.swift; path = ModulesFactory.swift; sourceTree = "<group>"; };
		55FF608128610BAD00ED7BD8 /* FieldValidator.swift */ = {isa = PBXFileReference; lastKnownFileType = sourcecode.swift; path = FieldValidator.swift; sourceTree = "<group>"; };
		55FF60872862500C00ED7BD8 /* TestsIosTests.xctest */ = {isa = PBXFileReference; explicitFileType = wrapper.cfbundle; includeInIndex = 0; path = TestsIosTests.xctest; sourceTree = BUILT_PRODUCTS_DIR; };
		55FF60892862500C00ED7BD8 /* TestsIosTests.swift */ = {isa = PBXFileReference; lastKnownFileType = sourcecode.swift; path = TestsIosTests.swift; sourceTree = "<group>"; };
/* End PBXFileReference section */

/* Begin PBXFrameworksBuildPhase section */
		55FF60652861029300ED7BD8 /* Frameworks */ = {
			isa = PBXFrameworksBuildPhase;
			buildActionMask = 2147483647;
			files = (
			);
			runOnlyForDeploymentPostprocessing = 0;
		};
		55FF60842862500C00ED7BD8 /* Frameworks */ = {
			isa = PBXFrameworksBuildPhase;
			buildActionMask = 2147483647;
			files = (
			);
			runOnlyForDeploymentPostprocessing = 0;
		};
/* End PBXFrameworksBuildPhase section */

/* Begin PBXGroup section */
		55FF605F2861029300ED7BD8 = {
			isa = PBXGroup;
			children = (
				55FF606A2861029300ED7BD8 /* TestsIos */,
				55FF60882862500C00ED7BD8 /* TestsIosTests */,
				55FF60692861029300ED7BD8 /* Products */,
			);
			sourceTree = "<group>";
		};
		55FF60692861029300ED7BD8 /* Products */ = {
			isa = PBXGroup;
			children = (
				55FF60682861029300ED7BD8 /* TestsIos.app */,
				55FF60872862500C00ED7BD8 /* TestsIosTests.xctest */,
			);
			name = Products;
			sourceTree = "<group>";
		};
		55FF606A2861029300ED7BD8 /* TestsIos */ = {
			isa = PBXGroup;
			children = (
				55FF606B2861029300ED7BD8 /* AppDelegate.swift */,
				55FF606D2861029300ED7BD8 /* SceneDelegate.swift */,
				55FF606F2861029300ED7BD8 /* ViewController.swift */,
				55FF608128610BAD00ED7BD8 /* FieldValidator.swift */,
				55FF607F2861087900ED7BD8 /* ModulesFactory.swift */,
				55FF60712861029300ED7BD8 /* Main.storyboard */,
				55FF60742861029700ED7BD8 /* Assets.xcassets */,
				55FF60762861029700ED7BD8 /* LaunchScreen.storyboard */,
				55FF60792861029700ED7BD8 /* Info.plist */,
			);
			path = TestsIos;
			sourceTree = "<group>";
		};
		55FF60882862500C00ED7BD8 /* TestsIosTests */ = {
			isa = PBXGroup;
			children = (
				55FF60892862500C00ED7BD8 /* TestsIosTests.swift */,
			);
			path = TestsIosTests;
			sourceTree = "<group>";
		};
/* End PBXGroup section */

/* Begin PBXNativeTarget section */
		55FF60672861029300ED7BD8 /* TestsIos */ = {
			isa = PBXNativeTarget;
			buildConfigurationList = 55FF607C2861029700ED7BD8 /* Build configuration list for PBXNativeTarget "TestsIos" */;
			buildPhases = (
				55FF60642861029300ED7BD8 /* Sources */,
				55FF60652861029300ED7BD8 /* Frameworks */,
				55FF60662861029300ED7BD8 /* Resources */,
			);
			buildRules = (
			);
			dependencies = (
			);
			name = TestsIos;
			productName = TestsIos;
			productReference = 55FF60682861029300ED7BD8 /* TestsIos.app */;
			productType = "com.apple.product-type.application";
		};
		55FF60862862500C00ED7BD8 /* TestsIosTests */ = {
			isa = PBXNativeTarget;
			buildConfigurationList = 55FF608F2862500C00ED7BD8 /* Build configuration list for PBXNativeTarget "TestsIosTests" */;
			buildPhases = (
				55FF60832862500C00ED7BD8 /* Sources */,
				55FF60842862500C00ED7BD8 /* Frameworks */,
				55FF60852862500C00ED7BD8 /* Resources */,
			);
			buildRules = (
			);
			dependencies = (
				55FF608C2862500C00ED7BD8 /* PBXTargetDependency */,
			);
			name = TestsIosTests;
			productName = TestsIosTests;
			productReference = 55FF60872862500C00ED7BD8 /* TestsIosTests.xctest */;
			productType = "com.apple.product-type.bundle.unit-test";
		};
/* End PBXNativeTarget section */

/* Begin PBXProject section */
		55FF60602861029300ED7BD8 /* Project object */ = {
			isa = PBXProject;
			attributes = {
				BuildIndependentTargetsInParallel = 1;
				LastSwiftUpdateCheck = 1330;
				LastUpgradeCheck = 1330;
				TargetAttributes = {
					55FF60672861029300ED7BD8 = {
						CreatedOnToolsVersion = 13.3;
					};
					55FF60862862500C00ED7BD8 = {
						CreatedOnToolsVersion = 13.3;
						TestTargetID = 55FF60672861029300ED7BD8;
					};
				};
			};
			buildConfigurationList = 55FF60632861029300ED7BD8 /* Build configuration list for PBXProject "TestsIos" */;
			compatibilityVersion = "Xcode 13.0";
			developmentRegion = en;
			hasScannedForEncodings = 0;
			knownRegions = (
				en,
				Base,
			);
			mainGroup = 55FF605F2861029300ED7BD8;
			productRefGroup = 55FF60692861029300ED7BD8 /* Products */;
			projectDirPath = "";
			projectRoot = "";
			targets = (
				55FF60672861029300ED7BD8 /* TestsIos */,
				55FF60862862500C00ED7BD8 /* TestsIosTests */,
			);
		};
/* End PBXProject section */

/* Begin PBXResourcesBuildPhase section */
		55FF60662861029300ED7BD8 /* Resources */ = {
			isa = PBXResourcesBuildPhase;
			buildActionMask = 2147483647;
			files = (
				55FF60782861029700ED7BD8 /* LaunchScreen.storyboard in Resources */,
				55FF60752861029700ED7BD8 /* Assets.xcassets in Resources */,
				55FF60732861029300ED7BD8 /* Main.storyboard in Resources */,
			);
			runOnlyForDeploymentPostprocessing = 0;
		};
		55FF60852862500C00ED7BD8 /* Resources */ = {
			isa = PBXResourcesBuildPhase;
			buildActionMask = 2147483647;
			files = (
			);
			runOnlyForDeploymentPostprocessing = 0;
		};
/* End PBXResourcesBuildPhase section */

/* Begin PBXSourcesBuildPhase section */
		55FF60642861029300ED7BD8 /* Sources */ = {
			isa = PBXSourcesBuildPhase;
			buildActionMask = 2147483647;
			files = (
				55FF60702861029300ED7BD8 /* ViewController.swift in Sources */,
				55FF606C2861029300ED7BD8 /* AppDelegate.swift in Sources */,
				55FF608228610BAD00ED7BD8 /* FieldValidator.swift in Sources */,
				55FF606E2861029300ED7BD8 /* SceneDelegate.swift in Sources */,
				55FF60802861087900ED7BD8 /* ModulesFactory.swift in Sources */,
			);
			runOnlyForDeploymentPostprocessing = 0;
		};
		55FF60832862500C00ED7BD8 /* Sources */ = {
			isa = PBXSourcesBuildPhase;
			buildActionMask = 2147483647;
			files = (
				55FF608A2862500C00ED7BD8 /* TestsIosTests.swift in Sources */,
			);
			runOnlyForDeploymentPostprocessing = 0;
		};
/* End PBXSourcesBuildPhase section */

/* Begin PBXTargetDependency section */
		55FF608C2862500C00ED7BD8 /* PBXTargetDependency */ = {
			isa = PBXTargetDependency;
			target = 55FF60672861029300ED7BD8 /* TestsIos */;
			targetProxy = 55FF608B2862500C00ED7BD8 /* PBXContainerItemProxy */;
		};
/* End PBXTargetDependency section */

/* Begin PBXVariantGroup section */
		55FF60712861029300ED7BD8 /* Main.storyboard */ = {
			isa = PBXVariantGroup;
			children = (
				55FF60722861029300ED7BD8 /* Base */,
			);
			name = Main.storyboard;
			sourceTree = "<group>";
		};
		55FF60762861029700ED7BD8 /* LaunchScreen.storyboard */ = {
			isa = PBXVariantGroup;
			children = (
				55FF60772861029700ED7BD8 /* Base */,
			);
			name = LaunchScreen.storyboard;
			sourceTree = "<group>";
		};
/* End PBXVariantGroup section */

/* Begin XCBuildConfiguration section */
		55FF607A2861029700ED7BD8 /* Debug */ = {
			isa = XCBuildConfiguration;
			buildSettings = {
				ALWAYS_SEARCH_USER_PATHS = NO;
				CLANG_ANALYZER_NONNULL = YES;
				CLANG_ANALYZER_NUMBER_OBJECT_CONVERSION = YES_AGGRESSIVE;
				CLANG_CXX_LANGUAGE_STANDARD = "gnu++17";
				CLANG_ENABLE_MODULES = YES;
				CLANG_ENABLE_OBJC_ARC = YES;
				CLANG_ENABLE_OBJC_WEAK = YES;
				CLANG_WARN_BLOCK_CAPTURE_AUTORELEASING = YES;
				CLANG_WARN_BOOL_CONVERSION = YES;
				CLANG_WARN_COMMA = YES;
				CLANG_WARN_CONSTANT_CONVERSION = YES;
				CLANG_WARN_DEPRECATED_OBJC_IMPLEMENTATIONS = YES;
				CLANG_WARN_DIRECT_OBJC_ISA_USAGE = YES_ERROR;
				CLANG_WARN_DOCUMENTATION_COMMENTS = YES;
				CLANG_WARN_EMPTY_BODY = YES;
				CLANG_WARN_ENUM_CONVERSION = YES;
				CLANG_WARN_INFINITE_RECURSION = YES;
				CLANG_WARN_INT_CONVERSION = YES;
				CLANG_WARN_NON_LITERAL_NULL_CONVERSION = YES;
				CLANG_WARN_OBJC_IMPLICIT_RETAIN_SELF = YES;
				CLANG_WARN_OBJC_LITERAL_CONVERSION = YES;
				CLANG_WARN_OBJC_ROOT_CLASS = YES_ERROR;
				CLANG_WARN_QUOTED_INCLUDE_IN_FRAMEWORK_HEADER = YES;
				CLANG_WARN_RANGE_LOOP_ANALYSIS = YES;
				CLANG_WARN_STRICT_PROTOTYPES = YES;
				CLANG_WARN_SUSPICIOUS_MOVE = YES;
				CLANG_WARN_UNGUARDED_AVAILABILITY = YES_AGGRESSIVE;
				CLANG_WARN_UNREACHABLE_CODE = YES;
				CLANG_WARN__DUPLICATE_METHOD_MATCH = YES;
				COPY_PHASE_STRIP = NO;
				DEBUG_INFORMATION_FORMAT = dwarf;
				ENABLE_STRICT_OBJC_MSGSEND = YES;
				ENABLE_TESTABILITY = YES;
				GCC_C_LANGUAGE_STANDARD = gnu11;
				GCC_DYNAMIC_NO_PIC = NO;
				GCC_NO_COMMON_BLOCKS = YES;
				GCC_OPTIMIZATION_LEVEL = 0;
				GCC_PREPROCESSOR_DEFINITIONS = (
					"DEBUG=1",
					"$(inherited)",
				);
				GCC_WARN_64_TO_32_BIT_CONVERSION = YES;
				GCC_WARN_ABOUT_RETURN_TYPE = YES_ERROR;
				GCC_WARN_UNDECLARED_SELECTOR = YES;
				GCC_WARN_UNINITIALIZED_AUTOS = YES_AGGRESSIVE;
				GCC_WARN_UNUSED_FUNCTION = YES;
				GCC_WARN_UNUSED_VARIABLE = YES;
				IPHONEOS_DEPLOYMENT_TARGET = 15.4;
				MTL_ENABLE_DEBUG_INFO = INCLUDE_SOURCE;
				MTL_FAST_MATH = YES;
				ONLY_ACTIVE_ARCH = YES;
				SDKROOT = iphoneos;
				SWIFT_ACTIVE_COMPILATION_CONDITIONS = DEBUG;
				SWIFT_OPTIMIZATION_LEVEL = "-Onone";
			};
			name = Debug;
		};
		55FF607B2861029700ED7BD8 /* Release */ = {
			isa = XCBuildConfiguration;
			buildSettings = {
				ALWAYS_SEARCH_USER_PATHS = NO;
				CLANG_ANALYZER_NONNULL = YES;
				CLANG_ANALYZER_NUMBER_OBJECT_CONVERSION = YES_AGGRESSIVE;
				CLANG_CXX_LANGUAGE_STANDARD = "gnu++17";
				CLANG_ENABLE_MODULES = YES;
				CLANG_ENABLE_OBJC_ARC = YES;
				CLANG_ENABLE_OBJC_WEAK = YES;
				CLANG_WARN_BLOCK_CAPTURE_AUTORELEASING = YES;
				CLANG_WARN_BOOL_CONVERSION = YES;
				CLANG_WARN_COMMA = YES;
				CLANG_WARN_CONSTANT_CONVERSION = YES;
				CLANG_WARN_DEPRECATED_OBJC_IMPLEMENTATIONS = YES;
				CLANG_WARN_DIRECT_OBJC_ISA_USAGE = YES_ERROR;
				CLANG_WARN_DOCUMENTATION_COMMENTS = YES;
				CLANG_WARN_EMPTY_BODY = YES;
				CLANG_WARN_ENUM_CONVERSION = YES;
				CLANG_WARN_INFINITE_RECURSION = YES;
				CLANG_WARN_INT_CONVERSION = YES;
				CLANG_WARN_NON_LITERAL_NULL_CONVERSION = YES;
				CLANG_WARN_OBJC_IMPLICIT_RETAIN_SELF = YES;
				CLANG_WARN_OBJC_LITERAL_CONVERSION = YES;
				CLANG_WARN_OBJC_ROOT_CLASS = YES_ERROR;
				CLANG_WARN_QUOTED_INCLUDE_IN_FRAMEWORK_HEADER = YES;
				CLANG_WARN_RANGE_LOOP_ANALYSIS = YES;
				CLANG_WARN_STRICT_PROTOTYPES = YES;
				CLANG_WARN_SUSPICIOUS_MOVE = YES;
				CLANG_WARN_UNGUARDED_AVAILABILITY = YES_AGGRESSIVE;
				CLANG_WARN_UNREACHABLE_CODE = YES;
				CLANG_WARN__DUPLICATE_METHOD_MATCH = YES;
				COPY_PHASE_STRIP = NO;
				DEBUG_INFORMATION_FORMAT = "dwarf-with-dsym";
				ENABLE_NS_ASSERTIONS = NO;
				ENABLE_STRICT_OBJC_MSGSEND = YES;
				GCC_C_LANGUAGE_STANDARD = gnu11;
				GCC_NO_COMMON_BLOCKS = YES;
				GCC_WARN_64_TO_32_BIT_CONVERSION = YES;
				GCC_WARN_ABOUT_RETURN_TYPE = YES_ERROR;
				GCC_WARN_UNDECLARED_SELECTOR = YES;
				GCC_WARN_UNINITIALIZED_AUTOS = YES_AGGRESSIVE;
				GCC_WARN_UNUSED_FUNCTION = YES;
				GCC_WARN_UNUSED_VARIABLE = YES;
				IPHONEOS_DEPLOYMENT_TARGET = 15.4;
				MTL_ENABLE_DEBUG_INFO = NO;
				MTL_FAST_MATH = YES;
				SDKROOT = iphoneos;
				SWIFT_COMPILATION_MODE = wholemodule;
				SWIFT_OPTIMIZATION_LEVEL = "-O";
				VALIDATE_PRODUCT = YES;
			};
			name = Release;
		};
		55FF607D2861029700ED7BD8 /* Debug */ = {
			isa = XCBuildConfiguration;
			buildSettings = {
				ASSETCATALOG_COMPILER_APPICON_NAME = AppIcon;
				ASSETCATALOG_COMPILER_GLOBAL_ACCENT_COLOR_NAME = AccentColor;
				CODE_SIGN_STYLE = Automatic;
				CURRENT_PROJECT_VERSION = 1;
				GENERATE_INFOPLIST_FILE = YES;
				INFOPLIST_FILE = TestsIos/Info.plist;
				INFOPLIST_KEY_UIApplicationSupportsIndirectInputEvents = YES;
				INFOPLIST_KEY_UILaunchStoryboardName = LaunchScreen;
				INFOPLIST_KEY_UIMainStoryboardFile = Main;
				INFOPLIST_KEY_UISupportedInterfaceOrientations_iPad = "UIInterfaceOrientationPortrait UIInterfaceOrientationPortraitUpsideDown UIInterfaceOrientationLandscapeLeft UIInterfaceOrientationLandscapeRight";
				INFOPLIST_KEY_UISupportedInterfaceOrientations_iPhone = "UIInterfaceOrientationPortrait UIInterfaceOrientationLandscapeLeft UIInterfaceOrientationLandscapeRight";
				LD_RUNPATH_SEARCH_PATHS = (
					"$(inherited)",
					"@executable_path/Frameworks",
				);
				MARKETING_VERSION = 1.0;
				PRODUCT_BUNDLE_IDENTIFIER = first.TestsIos;
				PRODUCT_NAME = "$(TARGET_NAME)";
				SWIFT_EMIT_LOC_STRINGS = YES;
				SWIFT_VERSION = 5.0;
				TARGETED_DEVICE_FAMILY = "1,2";
			};
			name = Debug;
		};
		55FF607E2861029700ED7BD8 /* Release */ = {
			isa = XCBuildConfiguration;
			buildSettings = {
				ASSETCATALOG_COMPILER_APPICON_NAME = AppIcon;
				ASSETCATALOG_COMPILER_GLOBAL_ACCENT_COLOR_NAME = AccentColor;
				CODE_SIGN_STYLE = Automatic;
				CURRENT_PROJECT_VERSION = 1;
				GENERATE_INFOPLIST_FILE = YES;
				INFOPLIST_FILE = TestsIos/Info.plist;
				INFOPLIST_KEY_UIApplicationSupportsIndirectInputEvents = YES;
				INFOPLIST_KEY_UILaunchStoryboardName = LaunchScreen;
				INFOPLIST_KEY_UIMainStoryboardFile = Main;
				INFOPLIST_KEY_UISupportedInterfaceOrientations_iPad = "UIInterfaceOrientationPortrait UIInterfaceOrientationPortraitUpsideDown UIInterfaceOrientationLandscapeLeft UIInterfaceOrientationLandscapeRight";
				INFOPLIST_KEY_UISupportedInterfaceOrientations_iPhone = "UIInterfaceOrientationPortrait UIInterfaceOrientationLandscapeLeft UIInterfaceOrientationLandscapeRight";
				LD_RUNPATH_SEARCH_PATHS = (
					"$(inherited)",
					"@executable_path/Frameworks",
				);
				MARKETING_VERSION = 1.0;
				PRODUCT_BUNDLE_IDENTIFIER = first.TestsIos;
				PRODUCT_NAME = "$(TARGET_NAME)";
				SWIFT_EMIT_LOC_STRINGS = YES;
				SWIFT_VERSION = 5.0;
				TARGETED_DEVICE_FAMILY = "1,2";
			};
			name = Release;
		};
		55FF608D2862500C00ED7BD8 /* Debug */ = {
			isa = XCBuildConfiguration;
			buildSettings = {
				BUNDLE_LOADER = "$(TEST_HOST)";
				CODE_SIGN_STYLE = Automatic;
				CURRENT_PROJECT_VERSION = 1;
				GENERATE_INFOPLIST_FILE = YES;
				MARKETING_VERSION = 1.0;
				PRODUCT_BUNDLE_IDENTIFIER = first.TestsIosTests;
				PRODUCT_NAME = "$(TARGET_NAME)";
				SWIFT_EMIT_LOC_STRINGS = NO;
				SWIFT_VERSION = 5.0;
				TARGETED_DEVICE_FAMILY = "1,2";
				TEST_HOST = "$(BUILT_PRODUCTS_DIR)/TestsIos.app/TestsIos";
			};
			name = Debug;
		};
		55FF608E2862500C00ED7BD8 /* Release */ = {
			isa = XCBuildConfiguration;
			buildSettings = {
				BUNDLE_LOADER = "$(TEST_HOST)";
				CODE_SIGN_STYLE = Automatic;
				CURRENT_PROJECT_VERSION = 1;
				GENERATE_INFOPLIST_FILE = YES;
				MARKETING_VERSION = 1.0;
				PRODUCT_BUNDLE_IDENTIFIER = first.TestsIosTests;
				PRODUCT_NAME = "$(TARGET_NAME)";
				SWIFT_EMIT_LOC_STRINGS = NO;
				SWIFT_VERSION = 5.0;
				TARGETED_DEVICE_FAMILY = "1,2";
				TEST_HOST = "$(BUILT_PRODUCTS_DIR)/TestsIos.app/TestsIos";
			};
			name = Release;
		};
/* End XCBuildConfiguration section */

/* Begin XCConfigurationList section */
		55FF60632861029300ED7BD8 /* Build configuration list for PBXProject "TestsIos" */ = {
			isa = XCConfigurationList;
			buildConfigurations = (
				55FF607A2861029700ED7BD8 /* Debug */,
				55FF607B2861029700ED7BD8 /* Release */,
			);
			defaultConfigurationIsVisible = 0;
			defaultConfigurationName = Release;
		};
		55FF607C2861029700ED7BD8 /* Build configuration list for PBXNativeTarget "TestsIos" */ = {
			isa = XCConfigurationList;
			buildConfigurations = (
				55FF607D2861029700ED7BD8 /* Debug */,
				55FF607E2861029700ED7BD8 /* Release */,
			);
			defaultConfigurationIsVisible = 0;
			defaultConfigurationName = Release;
		};
		55FF608F2862500C00ED7BD8 /* Build configuration list for PBXNativeTarget "TestsIosTests" */ = {
			isa = XCConfigurationList;
			buildConfigurations = (
				55FF608D2862500C00ED7BD8 /* Debug */,
				55FF608E2862500C00ED7BD8 /* Release */,
			);
			defaultConfigurationIsVisible = 0;
			defaultConfigurationName = Release;
		};
/* End XCConfigurationList section */
	};
	rootObject = 55FF60602861029300ED7BD8 /* Project object */;
}
